
Microsoft Visual Studio Solution File, Format Version 12.00
Project("{FAE04EC0-301F-11D3-BF4B-00C04F79EFBC}") = "Crazy.Tftp", "Crazy.Tftp\Crazy.Tftp.csproj", "{1F0CD0CB-B7DE-48A2-B847-A4AEC380E661}"
EndProject
Global
	GlobalSection(SolutionConfigurationPlatforms) = preSolution
		Debug|Any CPU = Debug|Any CPU
		Release|Any CPU = Release|Any CPU
	EndGlobalSection
	GlobalSection(ProjectConfigurationPlatforms) = postSolution
		{1F0CD0CB-B7DE-48A2-B847-A4AEC380E661}.Debug|Any CPU.ActiveCfg = Debug|Any CPU
		{1F0CD0CB-B7DE-48A2-B847-A4AEC380E661}.Debug|Any CPU.Build.0 = Debug|Any CPU
		{1F0CD0CB-B7DE-48A2-B847-A4AEC380E661}.Release|Any CPU.ActiveCfg = Release|Any CPU
		{1F0CD0CB-B7DE-48A2-B847-A4AEC380E661}.Release|Any CPU.Build.0 = Release|Any CPU
	EndGlobalSection
EndGlobal
